{
  "version": 4,
  "terraform_version": "1.8.5",
  "serial": 30,
  "lineage": "ae27b1e0-a775-814e-82fd-07baa75cb409",
  "outputs": {
    "rds": {
      "value": "mariadb.cv2sgeseuadc.us-east-1.rds.amazonaws.com:3306",
      "type": "string"
    }
  },
  "resources": [
    {
      "mode": "data",
      "type": "aws_ami",
      "name": "ubuntu",
      "provider": "provider[\"registry.terraform.io/hashicorp/aws\"]",
      "instances": [
        {
          "schema_version": 0,
          "attributes": {
            "architecture": "x86_64",
            "arn": "arn:aws:ec2:us-east-1::image/ami-0c819f65440d5f1d1",
            "block_device_mappings": [
              {
                "device_name": "/dev/sda1",
                "ebs": {
                  "delete_on_termination": "true",
                  "encrypted": "false",
                  "iops": "0",
                  "snapshot_id": "snap-09d658007a3b4a9a0",
                  "throughput": "0",
                  "volume_size": "8",
                  "volume_type": "gp2"
                },
                "no_device": "",
                "virtual_name": ""
              },
              {
                "device_name": "/dev/sdb",
                "ebs": {},
                "no_device": "",
                "virtual_name": "ephemeral0"
              },
              {
                "device_name": "/dev/sdc",
                "ebs": {},
                "no_device": "",
                "virtual_name": "ephemeral1"
              }
            ],
            "creation_date": "2024-06-14T22:19:42.000Z",
            "description": "Canonical, Ubuntu, 20.04 LTS, amd64 focal image build on 2024-06-14",
            "ena_support": true,
            "executable_users": null,
            "filter": [
              {
                "name": "name",
                "values": [
                  "ubuntu/images/hvm-ssd/ubuntu-focal-20.04-amd64-server-*"
                ]
              },
              {
                "name": "virtualization-type",
                "values": [
                  "hvm"
                ]
              }
            ],
            "hypervisor": "xen",
            "id": "ami-0c819f65440d5f1d1",
            "image_id": "ami-0c819f65440d5f1d1",
            "image_location": "amazon/ubuntu/images/hvm-ssd/ubuntu-focal-20.04-amd64-server-20240614",
            "image_owner_alias": "amazon",
            "image_type": "machine",
            "kernel_id": null,
            "most_recent": true,
            "name": "ubuntu/images/hvm-ssd/ubuntu-focal-20.04-amd64-server-20240614",
            "name_regex": null,
            "owner_id": "099720109477",
            "owners": [
              "099720109477"
            ],
            "platform": null,
            "platform_details": "Linux/UNIX",
            "product_codes": [],
            "public": true,
            "ramdisk_id": null,
            "root_device_name": "/dev/sda1",
            "root_device_type": "ebs",
            "root_snapshot_id": "snap-09d658007a3b4a9a0",
            "sriov_net_support": "simple",
            "state": "available",
            "state_reason": {
              "code": "UNSET",
              "message": "UNSET"
            },
            "tags": {},
            "usage_operation": "RunInstances",
            "virtualization_type": "hvm"
          },
          "sensitive_attributes": []
        }
      ]
    },
    {
      "mode": "data",
      "type": "aws_availability_zones",
      "name": "available",
      "provider": "provider[\"registry.terraform.io/hashicorp/aws\"]",
      "instances": [
        {
          "schema_version": 0,
          "attributes": {
            "all_availability_zones": null,
            "exclude_names": null,
            "exclude_zone_ids": null,
            "filter": null,
            "group_names": [
              "us-east-1"
            ],
            "id": "us-east-1",
            "names": [
              "us-east-1a",
              "us-east-1b",
              "us-east-1c",
              "us-east-1d",
              "us-east-1e",
              "us-east-1f"
            ],
            "state": null,
            "zone_ids": [
              "use1-az6",
              "use1-az1",
              "use1-az2",
              "use1-az4",
              "use1-az3",
              "use1-az5"
            ]
          },
          "sensitive_attributes": []
        }
      ]
    },
    {
      "mode": "data",
      "type": "aws_region",
      "name": "current",
      "provider": "provider[\"registry.terraform.io/hashicorp/aws\"]",
      "instances": [
        {
          "schema_version": 0,
          "attributes": {
            "description": "US East (N. Virginia)",
            "endpoint": "ec2.us-east-1.amazonaws.com",
            "id": "us-east-1",
            "name": "us-east-1"
          },
          "sensitive_attributes": []
        }
      ]
    },
    {
      "mode": "managed",
      "type": "aws_db_instance",
      "name": "rainbow_mariadb",
      "provider": "provider[\"registry.terraform.io/hashicorp/aws\"]",
      "instances": [
        {
          "schema_version": 1,
          "attributes": {
            "address": "mariadb.cv2sgeseuadc.us-east-1.rds.amazonaws.com",
            "allocated_storage": 20,
            "allow_major_version_upgrade": null,
            "apply_immediately": false,
            "arn": "arn:aws:rds:us-east-1:730335444705:db:mariadb",
            "auto_minor_version_upgrade": true,
            "availability_zone": "us-east-1b",
            "backup_retention_period": 30,
            "backup_window": "04:14-04:44",
            "ca_cert_identifier": "rds-ca-rsa2048-g1",
            "character_set_name": "",
            "copy_tags_to_snapshot": false,
            "customer_owned_ip_enabled": false,
            "db_subnet_group_name": "mariadb_rianbow_subnets",
            "delete_automated_backups": true,
            "deletion_protection": false,
            "domain": "",
            "domain_iam_role_name": "",
            "enabled_cloudwatch_logs_exports": null,
            "endpoint": "mariadb.cv2sgeseuadc.us-east-1.rds.amazonaws.com:3306",
            "engine": "mariadb",
            "engine_version": "10.11.6",
            "engine_version_actual": "10.11.6",
            "final_snapshot_identifier": null,
            "hosted_zone_id": "Z2R2ITUGPM61AM",
            "iam_database_authentication_enabled": false,
            "id": "mariadb",
            "identifier": "mariadb",
            "identifier_prefix": null,
            "instance_class": "db.t3.micro",
            "iops": 0,
            "kms_key_id": "",
            "latest_restorable_time": "2024-07-02T16:46:04Z",
            "license_model": "general-public-license",
            "maintenance_window": "sun:07:53-sun:08:23",
            "max_allocated_storage": 0,
            "monitoring_interval": 0,
            "monitoring_role_arn": "",
            "multi_az": false,
            "name": "",
            "nchar_character_set_name": "",
            "option_group_name": "default:mariadb-10-11",
            "parameter_group_name": "rainbow-mariadb-parameters",
            "password": "mariadb141",
            "performance_insights_enabled": false,
            "performance_insights_kms_key_id": "",
            "performance_insights_retention_period": 0,
            "port": 3306,
            "publicly_accessible": false,
            "replica_mode": "",
            "replicas": [],
            "replicate_source_db": "",
            "resource_id": "db-W7KBBJQWJ2BBOXSTHKO7B6LUME",
            "restore_to_point_in_time": [],
            "s3_import": [],
            "security_group_names": null,
            "skip_final_snapshot": true,
            "snapshot_identifier": null,
            "status": "available",
            "storage_encrypted": false,
            "storage_type": "gp2",
            "tags": {
              "Name": "rainbow_mariadb"
            },
            "tags_all": {
              "Name": "rainbow_mariadb"
            },
            "timeouts": null,
            "timezone": "",
            "username": "root",
            "vpc_security_group_ids": [
              "sg-04f4132e7cd24a767"
            ]
          },
          "sensitive_attributes": [
            [
              {
                "type": "get_attr",
                "value": "password"
              }
            ]
          ],
          "private": "eyJlMmJmYjczMC1lY2FhLTExZTYtOGY4OC0zNDM2M2JjN2M0YzAiOnsiY3JlYXRlIjoyNDAwMDAwMDAwMDAwLCJkZWxldGUiOjM2MDAwMDAwMDAwMDAsInVwZGF0ZSI6NDgwMDAwMDAwMDAwMH0sInNjaGVtYV92ZXJzaW9uIjoiMSJ9",
          "dependencies": [
            "aws_db_parameter_group.rainbow_mariadb_parameters",
            "aws_db_subnet_group.mariadb_rianbow_subnets",
            "aws_security_group.allow-mariadb",
            "aws_security_group.allow-rainbow-ssh",
            "aws_subnet.private_subnets",
            "aws_vpc.vpc",
            "data.aws_availability_zones.available",
            "data.aws_region.current"
          ]
        }
      ]
    },
    {
      "mode": "managed",
      "type": "aws_db_parameter_group",
      "name": "rainbow_mariadb_parameters",
      "provider": "provider[\"registry.terraform.io/hashicorp/aws\"]",
      "instances": [
        {
          "schema_version": 0,
          "attributes": {
            "arn": "arn:aws:rds:us-east-1:730335444705:pg:rainbow-mariadb-parameters",
            "description": "MariaDB parameter group",
            "family": "mariadb10.11",
            "id": "rainbow-mariadb-parameters",
            "name": "rainbow-mariadb-parameters",
            "name_prefix": null,
            "parameter": [
              {
                "apply_method": "immediate",
                "name": "max_allowed_packet",
                "value": "16777216"
              }
            ],
            "tags": null,
            "tags_all": {}
          },
          "sensitive_attributes": [],
          "private": "bnVsbA=="
        }
      ]
    },
    {
      "mode": "managed",
      "type": "aws_db_subnet_group",
      "name": "mariadb_rianbow_subnets",
      "provider": "provider[\"registry.terraform.io/hashicorp/aws\"]",
      "instances": [
        {
          "schema_version": 0,
          "attributes": {
            "arn": "arn:aws:rds:us-east-1:730335444705:subgrp:mariadb_rianbow_subnets",
            "description": "Amazon RDS subnet group",
            "id": "mariadb_rianbow_subnets",
            "name": "mariadb_rianbow_subnets",
            "name_prefix": null,
            "subnet_ids": [
              "subnet-0a874bd9714fd547d",
              "subnet-0ec25e16d40cb95d1"
            ],
            "tags": {},
            "tags_all": {}
          },
          "sensitive_attributes": [],
          "private": "bnVsbA==",
          "dependencies": [
            "aws_subnet.private_subnets",
            "aws_vpc.vpc",
            "data.aws_availability_zones.available",
            "data.aws_region.current"
          ]
        }
      ]
    },
    {
      "mode": "managed",
      "type": "aws_instance",
      "name": "ubuntu_server",
      "provider": "provider[\"registry.terraform.io/hashicorp/aws\"]",
      "instances": [
        {
          "schema_version": 1,
          "attributes": {
            "ami": "ami-0c819f65440d5f1d1",
            "arn": "arn:aws:ec2:us-east-1:730335444705:instance/i-07e7a150bc0c20b21",
            "associate_public_ip_address": true,
            "availability_zone": "us-east-1b",
            "capacity_reservation_specification": [
              {
                "capacity_reservation_preference": "open",
                "capacity_reservation_target": []
              }
            ],
            "cpu_core_count": 1,
            "cpu_threads_per_core": 1,
            "credit_specification": [
              {
                "cpu_credits": "standard"
              }
            ],
            "disable_api_termination": false,
            "ebs_block_device": [],
            "ebs_optimized": false,
            "enclave_options": [
              {
                "enabled": false
              }
            ],
            "ephemeral_block_device": [],
            "get_password_data": false,
            "hibernation": false,
            "host_id": null,
            "iam_instance_profile": "",
            "id": "i-07e7a150bc0c20b21",
            "instance_initiated_shutdown_behavior": "stop",
            "instance_state": "running",
            "instance_type": "t2.micro",
            "ipv6_address_count": 0,
            "ipv6_addresses": [],
            "key_name": "RainBOW_keys",
            "launch_template": [],
            "metadata_options": [
              {
                "http_endpoint": "enabled",
                "http_put_response_hop_limit": 1,
                "http_tokens": "optional",
                "instance_metadata_tags": "disabled"
              }
            ],
            "monitoring": false,
            "network_interface": [],
            "outpost_arn": "",
            "password_data": "",
            "placement_group": "",
            "placement_partition_number": null,
            "primary_network_interface_id": "eni-021101dcb738f6d90",
            "private_dns": "ip-10-0-111-9.ec2.internal",
            "private_ip": "10.0.111.9",
            "public_dns": "",
            "public_ip": "18.235.3.11",
            "root_block_device": [
              {
                "delete_on_termination": true,
                "device_name": "/dev/sda1",
                "encrypted": false,
                "iops": 100,
                "kms_key_id": "",
                "tags": {},
                "throughput": 0,
                "volume_id": "vol-08b4790be626f87ca",
                "volume_size": 8,
                "volume_type": "gp2"
              }
            ],
            "secondary_private_ips": [],
            "security_groups": [],
            "source_dest_check": true,
            "subnet_id": "subnet-0ebb0fd26f7b1b75b",
            "tags": {
              "Name": "Ubuntu EC2 WebServer"
            },
            "tags_all": {
              "Name": "Ubuntu EC2 WebServer"
            },
            "tenancy": "default",
            "timeouts": null,
            "user_data": null,
            "user_data_base64": null,
            "volume_tags": null,
            "vpc_security_group_ids": [
              "sg-026f630f6986fc29b"
            ]
          },
          "sensitive_attributes": [],
          "private": "eyJlMmJmYjczMC1lY2FhLTExZTYtOGY4OC0zNDM2M2JjN2M0YzAiOnsiY3JlYXRlIjo2MDAwMDAwMDAwMDAsImRlbGV0ZSI6MTIwMDAwMDAwMDAwMCwidXBkYXRlIjo2MDAwMDAwMDAwMDB9LCJzY2hlbWFfdmVyc2lvbiI6IjEifQ==",
          "dependencies": [
            "aws_key_pair.generated",
            "aws_security_group.allow-rainbow-ssh",
            "aws_subnet.public_subnets",
            "aws_vpc.vpc",
            "data.aws_ami.ubuntu",
            "data.aws_availability_zones.available",
            "data.aws_region.current",
            "tls_private_key.generated"
          ]
        }
      ]
    },
    {
      "mode": "managed",
      "type": "aws_internet_gateway",
      "name": "internet_gateway",
      "provider": "provider[\"registry.terraform.io/hashicorp/aws\"]",
      "instances": [
        {
          "schema_version": 0,
          "attributes": {
            "arn": "arn:aws:ec2:us-east-1:730335444705:internet-gateway/igw-04d2606e92b535ec1",
            "id": "igw-04d2606e92b535ec1",
            "owner_id": "730335444705",
            "tags": {
              "Name": "rainbow_igw"
            },
            "tags_all": {
              "Name": "rainbow_igw"
            },
            "vpc_id": "vpc-02da6b0931b576a7f"
          },
          "sensitive_attributes": [],
          "private": "bnVsbA==",
          "dependencies": [
            "aws_vpc.vpc",
            "data.aws_region.current"
          ]
        }
      ]
    },
    {
      "mode": "managed",
      "type": "aws_key_pair",
      "name": "generated",
      "provider": "provider[\"registry.terraform.io/hashicorp/aws\"]",
      "instances": [
        {
          "schema_version": 1,
          "attributes": {
            "arn": "arn:aws:ec2:us-east-1:730335444705:key-pair/RainBOW_keys",
            "fingerprint": "c1:06:24:ad:71:8b:2a:c9:52:5f:24:e3:71:af:a0:e8",
            "id": "RainBOW_keys",
            "key_name": "RainBOW_keys",
            "key_name_prefix": "",
            "key_pair_id": "key-02577786ac5306cec",
            "public_key": "ssh-rsa AAAAB3NzaC1yc2EAAAADAQABAAABAQCVAuWP6vKw1NyidqozjZ9FSIxiAGj/0yI84n0vQkpX/nl4DgnzAtFxHaSe84tbSvhFeW2gg6qpRievw21HzaWfJ6p63/V7NTZfPIK+LbwvuI3Zk/Hz2CnNw9wWf1MCZKJIchepm0XbUp/jB8IkYnCDr7lUYf01WcoBxX4lTGpLpEHU1gZj1mWrDEeoczDT0S2yYXUpwGr4tl+tlkLQWZsvfrLipx1EXpqDJTnVCbHYji9FfqshvJy7xRqji2t+F/mERvuTj4TCMKLuTCxEpjK2QAqkolniyIKcqrKei0A8sweietjzDCGEEYpSVXM8GSqoac2d99N6fr5dtieTB9SF",
            "tags": {},
            "tags_all": {}
          },
          "sensitive_attributes": [],
          "private": "eyJzY2hlbWFfdmVyc2lvbiI6IjEifQ==",
          "dependencies": [
            "tls_private_key.generated"
          ]
        }
      ]
    },
    {
      "mode": "managed",
      "type": "aws_route_table",
      "name": "public_route_table",
      "provider": "provider[\"registry.terraform.io/hashicorp/aws\"]",
      "instances": [
        {
          "schema_version": 0,
          "attributes": {
            "arn": "arn:aws:ec2:us-east-1:730335444705:route-table/rtb-052075a47a79daac4",
            "id": "rtb-052075a47a79daac4",
            "owner_id": "730335444705",
            "propagating_vgws": [],
            "route": [
              {
                "carrier_gateway_id": "",
                "cidr_block": "0.0.0.0/0",
                "destination_prefix_list_id": "",
                "egress_only_gateway_id": "",
                "gateway_id": "igw-04d2606e92b535ec1",
                "instance_id": "",
                "ipv6_cidr_block": "",
                "local_gateway_id": "",
                "nat_gateway_id": "",
                "network_interface_id": "",
                "transit_gateway_id": "",
                "vpc_endpoint_id": "",
                "vpc_peering_connection_id": ""
              }
            ],
            "tags": {
              "Name": "rainbow_public_rtb",
              "Terraform": "true"
            },
            "tags_all": {
              "Name": "rainbow_public_rtb",
              "Terraform": "true"
            },
            "timeouts": null,
            "vpc_id": "vpc-02da6b0931b576a7f"
          },
          "sensitive_attributes": [],
          "private": "eyJlMmJmYjczMC1lY2FhLTExZTYtOGY4OC0zNDM2M2JjN2M0YzAiOnsiY3JlYXRlIjozMDAwMDAwMDAwMDAsImRlbGV0ZSI6MzAwMDAwMDAwMDAwLCJ1cGRhdGUiOjEyMDAwMDAwMDAwMH19",
          "dependencies": [
            "aws_internet_gateway.internet_gateway",
            "aws_vpc.vpc",
            "data.aws_region.current"
          ]
        }
      ]
    },
    {
      "mode": "managed",
      "type": "aws_route_table_association",
      "name": "public",
      "provider": "provider[\"registry.terraform.io/hashicorp/aws\"]",
      "instances": [
        {
          "index_key": "public_subnet_1",
          "schema_version": 0,
          "attributes": {
            "gateway_id": "",
            "id": "rtbassoc-0cf53672909f467a9",
            "route_table_id": "rtb-052075a47a79daac4",
            "subnet_id": "subnet-0ebb0fd26f7b1b75b"
          },
          "sensitive_attributes": [],
          "private": "bnVsbA==",
          "dependencies": [
            "aws_internet_gateway.internet_gateway",
            "aws_route_table.public_route_table",
            "aws_subnet.public_subnets",
            "aws_vpc.vpc",
            "data.aws_availability_zones.available",
            "data.aws_region.current"
          ]
        },
        {
          "index_key": "public_subnet_2",
          "schema_version": 0,
          "attributes": {
            "gateway_id": "",
            "id": "rtbassoc-0daf5bdf9192922b1",
            "route_table_id": "rtb-052075a47a79daac4",
            "subnet_id": "subnet-05c9b86036ab83673"
          },
          "sensitive_attributes": [],
          "private": "bnVsbA==",
          "dependencies": [
            "aws_internet_gateway.internet_gateway",
            "aws_route_table.public_route_table",
            "aws_subnet.public_subnets",
            "aws_vpc.vpc",
            "data.aws_availability_zones.available",
            "data.aws_region.current"
          ]
        },
        {
          "index_key": "public_subnet_3",
          "schema_version": 0,
          "attributes": {
            "gateway_id": "",
            "id": "rtbassoc-0e1aace74d9c862d7",
            "route_table_id": "rtb-052075a47a79daac4",
            "subnet_id": "subnet-05009f262579ac2a9"
          },
          "sensitive_attributes": [],
          "private": "bnVsbA==",
          "dependencies": [
            "aws_internet_gateway.internet_gateway",
            "aws_route_table.public_route_table",
            "aws_subnet.public_subnets",
            "aws_vpc.vpc",
            "data.aws_availability_zones.available",
            "data.aws_region.current"
          ]
        }
      ]
    },
    {
      "mode": "managed",
      "type": "aws_security_group",
      "name": "allow-mariadb",
      "provider": "provider[\"registry.terraform.io/hashicorp/aws\"]",
      "instances": [
        {
          "schema_version": 1,
          "attributes": {
            "arn": "arn:aws:ec2:us-east-1:730335444705:security-group/sg-04f4132e7cd24a767",
            "description": "security group for Maria DB",
            "egress": [
              {
                "cidr_blocks": [
                  "0.0.0.0/0"
                ],
                "description": "",
                "from_port": 0,
                "ipv6_cidr_blocks": [],
                "prefix_list_ids": [],
                "protocol": "-1",
                "security_groups": [],
                "self": false,
                "to_port": 0
              }
            ],
            "id": "sg-04f4132e7cd24a767",
            "ingress": [
              {
                "cidr_blocks": [],
                "description": "",
                "from_port": 3306,
                "ipv6_cidr_blocks": [],
                "prefix_list_ids": [],
                "protocol": "tcp",
                "security_groups": [
                  "sg-026f630f6986fc29b"
                ],
                "self": false,
                "to_port": 3306
              }
            ],
            "name": "allow-mariadb",
            "name_prefix": "",
            "owner_id": "730335444705",
            "revoke_rules_on_delete": false,
            "tags": {
              "Name": "allow-rainbow-mariadb"
            },
            "tags_all": {
              "Name": "allow-rainbow-mariadb"
            },
            "timeouts": null,
            "vpc_id": "vpc-02da6b0931b576a7f"
          },
          "sensitive_attributes": [],
          "private": "eyJlMmJmYjczMC1lY2FhLTExZTYtOGY4OC0zNDM2M2JjN2M0YzAiOnsiY3JlYXRlIjo2MDAwMDAwMDAwMDAsImRlbGV0ZSI6OTAwMDAwMDAwMDAwfSwic2NoZW1hX3ZlcnNpb24iOiIxIn0=",
          "dependencies": [
            "aws_security_group.allow-rainbow-ssh",
            "aws_vpc.vpc",
            "data.aws_region.current"
          ]
        }
      ]
    },
    {
      "mode": "managed",
      "type": "aws_security_group",
      "name": "allow-rainbow-ssh",
      "provider": "provider[\"registry.terraform.io/hashicorp/aws\"]",
      "instances": [
        {
          "schema_version": 1,
          "attributes": {
            "arn": "arn:aws:ec2:us-east-1:730335444705:security-group/sg-026f630f6986fc29b",
            "description": "security group that allows ssh connection",
            "egress": [
              {
                "cidr_blocks": [
                  "0.0.0.0/0"
                ],
                "description": "",
                "from_port": 0,
                "ipv6_cidr_blocks": [],
                "prefix_list_ids": [],
                "protocol": "-1",
                "security_groups": [],
                "self": false,
                "to_port": 0
              }
            ],
            "id": "sg-026f630f6986fc29b",
            "ingress": [
              {
                "cidr_blocks": [
                  "0.0.0.0/0"
                ],
                "description": "",
                "from_port": 22,
                "ipv6_cidr_blocks": [],
                "prefix_list_ids": [],
                "protocol": "tcp",
                "security_groups": [],
                "self": false,
                "to_port": 22
              }
            ],
            "name": "allow-levelup-ssh",
            "name_prefix": "",
            "owner_id": "730335444705",
            "revoke_rules_on_delete": false,
            "tags": {
              "Name": "allow-rainbow-ssh"
            },
            "tags_all": {
              "Name": "allow-rainbow-ssh"
            },
            "timeouts": null,
            "vpc_id": "vpc-02da6b0931b576a7f"
          },
          "sensitive_attributes": [],
          "private": "eyJlMmJmYjczMC1lY2FhLTExZTYtOGY4OC0zNDM2M2JjN2M0YzAiOnsiY3JlYXRlIjo2MDAwMDAwMDAwMDAsImRlbGV0ZSI6OTAwMDAwMDAwMDAwfSwic2NoZW1hX3ZlcnNpb24iOiIxIn0=",
          "dependencies": [
            "aws_vpc.vpc",
            "data.aws_region.current"
          ]
        }
      ]
    },
    {
      "mode": "managed",
      "type": "aws_subnet",
      "name": "private_subnets",
      "provider": "provider[\"registry.terraform.io/hashicorp/aws\"]",
      "instances": [
        {
          "index_key": "private_subnet_1",
          "schema_version": 1,
          "attributes": {
            "arn": "arn:aws:ec2:us-east-1:730335444705:subnet/subnet-0a874bd9714fd547d",
            "assign_ipv6_address_on_creation": false,
            "availability_zone": "us-east-1b",
            "availability_zone_id": "use1-az1",
            "cidr_block": "10.0.1.0/24",
            "customer_owned_ipv4_pool": "",
            "enable_dns64": false,
            "enable_resource_name_dns_a_record_on_launch": false,
            "enable_resource_name_dns_aaaa_record_on_launch": false,
            "id": "subnet-0a874bd9714fd547d",
            "ipv6_cidr_block": "",
            "ipv6_cidr_block_association_id": "",
            "ipv6_native": false,
            "map_customer_owned_ip_on_launch": false,
            "map_public_ip_on_launch": false,
            "outpost_arn": "",
            "owner_id": "730335444705",
            "private_dns_hostname_type_on_launch": "ip-name",
            "tags": {
              "Name": "private_subnet_1",
              "Terraform": "true"
            },
            "tags_all": {
              "Name": "private_subnet_1",
              "Terraform": "true"
            },
            "timeouts": null,
            "vpc_id": "vpc-02da6b0931b576a7f"
          },
          "sensitive_attributes": [],
          "private": "eyJlMmJmYjczMC1lY2FhLTExZTYtOGY4OC0zNDM2M2JjN2M0YzAiOnsiY3JlYXRlIjo2MDAwMDAwMDAwMDAsImRlbGV0ZSI6MTIwMDAwMDAwMDAwMH0sInNjaGVtYV92ZXJzaW9uIjoiMSJ9",
          "dependencies": [
            "aws_vpc.vpc",
            "data.aws_availability_zones.available",
            "data.aws_region.current"
          ]
        },
        {
          "index_key": "private_subnet_2",
          "schema_version": 1,
          "attributes": {
            "arn": "arn:aws:ec2:us-east-1:730335444705:subnet/subnet-0ec25e16d40cb95d1",
            "assign_ipv6_address_on_creation": false,
            "availability_zone": "us-east-1c",
            "availability_zone_id": "use1-az2",
            "cidr_block": "10.0.2.0/24",
            "customer_owned_ipv4_pool": "",
            "enable_dns64": false,
            "enable_resource_name_dns_a_record_on_launch": false,
            "enable_resource_name_dns_aaaa_record_on_launch": false,
            "id": "subnet-0ec25e16d40cb95d1",
            "ipv6_cidr_block": "",
            "ipv6_cidr_block_association_id": "",
            "ipv6_native": false,
            "map_customer_owned_ip_on_launch": false,
            "map_public_ip_on_launch": false,
            "outpost_arn": "",
            "owner_id": "730335444705",
            "private_dns_hostname_type_on_launch": "ip-name",
            "tags": {
              "Name": "private_subnet_2",
              "Terraform": "true"
            },
            "tags_all": {
              "Name": "private_subnet_2",
              "Terraform": "true"
            },
            "timeouts": null,
            "vpc_id": "vpc-02da6b0931b576a7f"
          },
          "sensitive_attributes": [],
          "private": "eyJlMmJmYjczMC1lY2FhLTExZTYtOGY4OC0zNDM2M2JjN2M0YzAiOnsiY3JlYXRlIjo2MDAwMDAwMDAwMDAsImRlbGV0ZSI6MTIwMDAwMDAwMDAwMH0sInNjaGVtYV92ZXJzaW9uIjoiMSJ9",
          "dependencies": [
            "aws_vpc.vpc",
            "data.aws_availability_zones.available",
            "data.aws_region.current"
          ]
        },
        {
          "index_key": "private_subnet_3",
          "schema_version": 1,
          "attributes": {
            "arn": "arn:aws:ec2:us-east-1:730335444705:subnet/subnet-030bf90e6c6ca13bf",
            "assign_ipv6_address_on_creation": false,
            "availability_zone": "us-east-1d",
            "availability_zone_id": "use1-az4",
            "cidr_block": "10.0.3.0/24",
            "customer_owned_ipv4_pool": "",
            "enable_dns64": false,
            "enable_resource_name_dns_a_record_on_launch": false,
            "enable_resource_name_dns_aaaa_record_on_launch": false,
            "id": "subnet-030bf90e6c6ca13bf",
            "ipv6_cidr_block": "",
            "ipv6_cidr_block_association_id": "",
            "ipv6_native": false,
            "map_customer_owned_ip_on_launch": false,
            "map_public_ip_on_launch": false,
            "outpost_arn": "",
            "owner_id": "730335444705",
            "private_dns_hostname_type_on_launch": "ip-name",
            "tags": {
              "Name": "private_subnet_3",
              "Terraform": "true"
            },
            "tags_all": {
              "Name": "private_subnet_3",
              "Terraform": "true"
            },
            "timeouts": null,
            "vpc_id": "vpc-02da6b0931b576a7f"
          },
          "sensitive_attributes": [],
          "private": "eyJlMmJmYjczMC1lY2FhLTExZTYtOGY4OC0zNDM2M2JjN2M0YzAiOnsiY3JlYXRlIjo2MDAwMDAwMDAwMDAsImRlbGV0ZSI6MTIwMDAwMDAwMDAwMH0sInNjaGVtYV92ZXJzaW9uIjoiMSJ9",
          "dependencies": [
            "aws_vpc.vpc",
            "data.aws_availability_zones.available",
            "data.aws_region.current"
          ]
        }
      ]
    },
    {
      "mode": "managed",
      "type": "aws_subnet",
      "name": "public_subnets",
      "provider": "provider[\"registry.terraform.io/hashicorp/aws\"]",
      "instances": [
        {
          "index_key": "public_subnet_1",
          "schema_version": 1,
          "attributes": {
            "arn": "arn:aws:ec2:us-east-1:730335444705:subnet/subnet-0ebb0fd26f7b1b75b",
            "assign_ipv6_address_on_creation": false,
            "availability_zone": "us-east-1b",
            "availability_zone_id": "use1-az1",
            "cidr_block": "10.0.111.0/24",
            "customer_owned_ipv4_pool": "",
            "enable_dns64": false,
            "enable_resource_name_dns_a_record_on_launch": false,
            "enable_resource_name_dns_aaaa_record_on_launch": false,
            "id": "subnet-0ebb0fd26f7b1b75b",
            "ipv6_cidr_block": "",
            "ipv6_cidr_block_association_id": "",
            "ipv6_native": false,
            "map_customer_owned_ip_on_launch": false,
            "map_public_ip_on_launch": true,
            "outpost_arn": "",
            "owner_id": "730335444705",
            "private_dns_hostname_type_on_launch": "ip-name",
            "tags": {
              "Name": "public_subnet_1",
              "Terraform": "true"
            },
            "tags_all": {
              "Name": "public_subnet_1",
              "Terraform": "true"
            },
            "timeouts": null,
            "vpc_id": "vpc-02da6b0931b576a7f"
          },
          "sensitive_attributes": [],
          "private": "eyJlMmJmYjczMC1lY2FhLTExZTYtOGY4OC0zNDM2M2JjN2M0YzAiOnsiY3JlYXRlIjo2MDAwMDAwMDAwMDAsImRlbGV0ZSI6MTIwMDAwMDAwMDAwMH0sInNjaGVtYV92ZXJzaW9uIjoiMSJ9",
          "dependencies": [
            "aws_vpc.vpc",
            "data.aws_availability_zones.available",
            "data.aws_region.current"
          ]
        },
        {
          "index_key": "public_subnet_2",
          "schema_version": 1,
          "attributes": {
            "arn": "arn:aws:ec2:us-east-1:730335444705:subnet/subnet-05c9b86036ab83673",
            "assign_ipv6_address_on_creation": false,
            "availability_zone": "us-east-1c",
            "availability_zone_id": "use1-az2",
            "cidr_block": "10.0.112.0/24",
            "customer_owned_ipv4_pool": "",
            "enable_dns64": false,
            "enable_resource_name_dns_a_record_on_launch": false,
            "enable_resource_name_dns_aaaa_record_on_launch": false,
            "id": "subnet-05c9b86036ab83673",
            "ipv6_cidr_block": "",
            "ipv6_cidr_block_association_id": "",
            "ipv6_native": false,
            "map_customer_owned_ip_on_launch": false,
            "map_public_ip_on_launch": true,
            "outpost_arn": "",
            "owner_id": "730335444705",
            "private_dns_hostname_type_on_launch": "ip-name",
            "tags": {
              "Name": "public_subnet_2",
              "Terraform": "true"
            },
            "tags_all": {
              "Name": "public_subnet_2",
              "Terraform": "true"
            },
            "timeouts": null,
            "vpc_id": "vpc-02da6b0931b576a7f"
          },
          "sensitive_attributes": [],
          "private": "eyJlMmJmYjczMC1lY2FhLTExZTYtOGY4OC0zNDM2M2JjN2M0YzAiOnsiY3JlYXRlIjo2MDAwMDAwMDAwMDAsImRlbGV0ZSI6MTIwMDAwMDAwMDAwMH0sInNjaGVtYV92ZXJzaW9uIjoiMSJ9",
          "dependencies": [
            "aws_vpc.vpc",
            "data.aws_availability_zones.available",
            "data.aws_region.current"
          ]
        },
        {
          "index_key": "public_subnet_3",
          "schema_version": 1,
          "attributes": {
            "arn": "arn:aws:ec2:us-east-1:730335444705:subnet/subnet-05009f262579ac2a9",
            "assign_ipv6_address_on_creation": false,
            "availability_zone": "us-east-1d",
            "availability_zone_id": "use1-az4",
            "cidr_block": "10.0.113.0/24",
            "customer_owned_ipv4_pool": "",
            "enable_dns64": false,
            "enable_resource_name_dns_a_record_on_launch": false,
            "enable_resource_name_dns_aaaa_record_on_launch": false,
            "id": "subnet-05009f262579ac2a9",
            "ipv6_cidr_block": "",
            "ipv6_cidr_block_association_id": "",
            "ipv6_native": false,
            "map_customer_owned_ip_on_launch": false,
            "map_public_ip_on_launch": true,
            "outpost_arn": "",
            "owner_id": "730335444705",
            "private_dns_hostname_type_on_launch": "ip-name",
            "tags": {
              "Name": "public_subnet_3",
              "Terraform": "true"
            },
            "tags_all": {
              "Name": "public_subnet_3",
              "Terraform": "true"
            },
            "timeouts": null,
            "vpc_id": "vpc-02da6b0931b576a7f"
          },
          "sensitive_attributes": [],
          "private": "eyJlMmJmYjczMC1lY2FhLTExZTYtOGY4OC0zNDM2M2JjN2M0YzAiOnsiY3JlYXRlIjo2MDAwMDAwMDAwMDAsImRlbGV0ZSI6MTIwMDAwMDAwMDAwMH0sInNjaGVtYV92ZXJzaW9uIjoiMSJ9",
          "dependencies": [
            "aws_vpc.vpc",
            "data.aws_availability_zones.available",
            "data.aws_region.current"
          ]
        }
      ]
    },
    {
      "mode": "managed",
      "type": "aws_vpc",
      "name": "vpc",
      "provider": "provider[\"registry.terraform.io/hashicorp/aws\"]",
      "instances": [
        {
          "schema_version": 1,
          "attributes": {
            "arn": "arn:aws:ec2:us-east-1:730335444705:vpc/vpc-02da6b0931b576a7f",
            "assign_generated_ipv6_cidr_block": false,
            "cidr_block": "10.0.0.0/16",
            "default_network_acl_id": "acl-0c43827d2cdb724fd",
            "default_route_table_id": "rtb-0ce558f9d7a54374f",
            "default_security_group_id": "sg-00f07e4823bb5fc3d",
            "dhcp_options_id": "dopt-08c0474a2d894009d",
            "enable_classiclink": false,
            "enable_classiclink_dns_support": false,
            "enable_dns_hostnames": false,
            "enable_dns_support": true,
            "id": "vpc-02da6b0931b576a7f",
            "instance_tenancy": "default",
            "ipv4_ipam_pool_id": null,
            "ipv4_netmask_length": null,
            "ipv6_association_id": "",
            "ipv6_cidr_block": "",
            "ipv6_cidr_block_network_border_group": "",
            "ipv6_ipam_pool_id": "",
            "ipv6_netmask_length": 0,
            "main_route_table_id": "rtb-0ce558f9d7a54374f",
            "owner_id": "730335444705",
            "tags": {
              "Environment": "rainbow_environment",
              "Name": "rainbow_vpc",
              "Region": "us-east-1",
              "Terraform": "true"
            },
            "tags_all": {
              "Environment": "rainbow_environment",
              "Name": "rainbow_vpc",
              "Region": "us-east-1",
              "Terraform": "true"
            }
          },
          "sensitive_attributes": [],
          "private": "eyJzY2hlbWFfdmVyc2lvbiI6IjEifQ==",
          "dependencies": [
            "data.aws_region.current"
          ]
        }
      ]
    },
    {
      "mode": "managed",
      "type": "local_file",
      "name": "private_key_pem",
      "provider": "provider[\"registry.terraform.io/hashicorp/local\"]",
      "instances": [
        {
          "schema_version": 0,
          "attributes": {
            "content": "-----BEGIN RSA PRIVATE KEY-----\nMIIEogIBAAKCAQEAlQLlj+rysNTconaqM42fRUiMYgBo/9MiPOJ9L0JKV/55eA4J\n8wLRcR2knvOLW0r4RXltoIOqqUYnr8NtR82lnyeqet/1ezU2XzyCvi28L7iN2ZPx\n89gpzcPcFn9TAmSiSHIXqZtF21Kf4wfCJGJwg6+5VGH9NVnKAcV+JUxqS6RB1NYG\nY9ZlqwxHqHMw09EtsmF1KcBq+LZfrZZC0FmbL36y4qcdRF6agyU51Qmx2I4vRX6r\nIbycu8Uao4trfhf5hEb7k4+EwjCi7kwsRKYytkAKpKJZ4siCnKqynotAPLMHonrY\n8wwhhBGKUlVzPBkqqGnNnffTen6+XbYnkwfUhQIDAQABAoIBAGDe8jgeaEmXCBxC\nAqHjJrCW2lR3qcruCisEnpdThBsyXusyTTuDEH914uhGscjWsxIPP7qC/jZvWiuE\nY42zXkFaOxUIdYD0dfVx1BkoiFeJpgXVjQyV8Y9IDdM+UMuUen+YVFO5kq9jRngE\nOi0HJdgmK9h0n3TIe2+tYTWEOPIUx5as2HbUlHkPR5hFaYI9Qq7OJE7/AeMJKr9h\n5ql2eZ/ESjuGFG5UJL+rK2qOr6wMWGpgHfAgIPNTcwx0gReEfzWM65s8TqMpIaxm\nU7wJ8cRB5QxevtwIZ8N0r67Qkhv0g5Qx+hsO2f4f5Cl1HmS8gg9nx2UnmabDmghw\noZ+leP0CgYEAxQ9epPi6smF6NLqhPNRdJ0M7+KO9v/6qaGGV3xdrv9fKA0TFkh2a\nH7tIC3Ut651GBDkkIYOF6PPBRazsCYtdE+I+BpfRb9DKbyMipt5irkWraqJO/IvA\nrO3xNjFX6lVQ6xsQ0qfe15rcrCAA3SbkHh4iA/kcfEZv1M1uKyu/0lMCgYEAwZR/\nu1WULbwJm1W3XCkWuo/mnGF1K4nN36GiJilFzi6f/HBZ8iNI9vH/U/dnJPdRTG8m\nuQl/kzxMc1pVWKiaeEM5Ijc/PT8UtSCZhCKsic3nSmntufDt8ED2Eh4vT2lLE7Ks\nYG4CbzmcAuVC51I1PhOGl3W3/JihTZuiNLookscCgYAK4DNIBZZAPBMDj/1QHyRZ\nA2Pu8BKL4yFCi4g6/M7skptKnOQOkWWtNKfgQgJby51OpFyzINAmMDXNg6KvUCq9\n6zGjKYPcmPhjM9w4u3NUzPGN/BFB7PCgWq2CYSzJ+RVzNFY0WiF5YsmlEksZ6YiT\nhPQ5pekFjtmjNAdNiKeYkwKBgFfl0/H+M+BoZ3xO+YkxZw6jVLVhU1DHq+GFhRkK\n2JV8ekynv0/BUdo/nA5GYmFYo2OvfMe8Vl9Gm/gs5l/xfuJos8Kjj2WCBScRfGOR\nUwLnqcQSQU2S5peXB6TGa/kE+IAjOz419YkHgZ2W+EANBfv/5bdUToy1yVhx+L80\nYEP1AoGAKr6UI4VJKgsaMKseGaX/hw81opdthm3flwr4zlET45EkWud+5+BII2Pp\nr5LldUQLo3PFcTClaTQGNZinvUqe9JmkbBJMAnYRfAKTWPn5ng05zSrTYpm+I4n9\ny9usqK74OiC3xxm888A77EWR5+6BE2HTI6bteOicPPlPRUveW8c=\n-----END RSA PRIVATE KEY-----\n",
            "content_base64": null,
            "content_base64sha256": "2IcHE9NnOB8CLNloG3z5QZBSu6wBGH02/auGZ7keEKM=",
            "content_base64sha512": "XtIGybsWiFbAVbICOD663PBWLvc7WD0/kmmke5J5PeA8xMBBmiIXEUXuvSHiuZ48Hu3Aoi6jizoMKnGJSbQLRw==",
            "content_md5": "48100f6b784619681ce4bf7b8ed77d19",
            "content_sha1": "f87b542f52fed739895b2303aaa987f374aa6bee",
            "content_sha256": "d8870713d367381f022cd9681b7cf9419052bbac01187d36fdab8667b91e10a3",
            "content_sha512": "5ed206c9bb168856c055b202383ebadcf0562ef73b583d3f9269a47b92793de03cc4c0419a22171145eebd21e2b99e3c1eedc0a22ea38b3a0c2a718949b40b47",
            "directory_permission": "0777",
            "file_permission": "0777",
            "filename": "RainBOW_keys.pem",
            "id": "f87b542f52fed739895b2303aaa987f374aa6bee",
            "sensitive_content": null,
            "source": null
          },
          "sensitive_attributes": [
            [
              {
                "type": "get_attr",
                "value": "sensitive_content"
              }
            ],
            [
              {
                "type": "get_attr",
                "value": "content"
              }
            ]
          ],
          "dependencies": [
            "tls_private_key.generated"
          ]
        }
      ]
    },
    {
      "mode": "managed",
      "type": "tls_private_key",
      "name": "generated",
      "provider": "provider[\"registry.terraform.io/hashicorp/tls\"]",
      "instances": [
        {
          "schema_version": 1,
          "attributes": {
            "algorithm": "RSA",
            "ecdsa_curve": "P224",
            "id": "47c22ff520bdc7b082ad576bda130173d01d0cd4",
            "private_key_openssh": "-----BEGIN OPENSSH PRIVATE KEY-----\nb3BlbnNzaC1rZXktdjEAAAAABG5vbmUAAAAEbm9uZQAAAAAAAAABAAABFwAAAAdz\nc2gtcnNhAAAAAwEAAQAAAQEAlQLlj+rysNTconaqM42fRUiMYgBo/9MiPOJ9L0JK\nV/55eA4J8wLRcR2knvOLW0r4RXltoIOqqUYnr8NtR82lnyeqet/1ezU2XzyCvi28\nL7iN2ZPx89gpzcPcFn9TAmSiSHIXqZtF21Kf4wfCJGJwg6+5VGH9NVnKAcV+JUxq\nS6RB1NYGY9ZlqwxHqHMw09EtsmF1KcBq+LZfrZZC0FmbL36y4qcdRF6agyU51Qmx\n2I4vRX6rIbycu8Uao4trfhf5hEb7k4+EwjCi7kwsRKYytkAKpKJZ4siCnKqynotA\nPLMHonrY8wwhhBGKUlVzPBkqqGnNnffTen6+XbYnkwfUhQAAA7jFlpvxxZab8QAA\nAAdzc2gtcnNhAAABAQCVAuWP6vKw1NyidqozjZ9FSIxiAGj/0yI84n0vQkpX/nl4\nDgnzAtFxHaSe84tbSvhFeW2gg6qpRievw21HzaWfJ6p63/V7NTZfPIK+LbwvuI3Z\nk/Hz2CnNw9wWf1MCZKJIchepm0XbUp/jB8IkYnCDr7lUYf01WcoBxX4lTGpLpEHU\n1gZj1mWrDEeoczDT0S2yYXUpwGr4tl+tlkLQWZsvfrLipx1EXpqDJTnVCbHYji9F\nfqshvJy7xRqji2t+F/mERvuTj4TCMKLuTCxEpjK2QAqkolniyIKcqrKei0A8swei\netjzDCGEEYpSVXM8GSqoac2d99N6fr5dtieTB9SFAAAAAwEAAQAAAQBg3vI4HmhJ\nlwgcQgKh4yawltpUd6nK7gorBJ6XU4QbMl7rMk07gxB/deLoRrHI1rMSDz+6gv42\nb1orhGONs15BWjsVCHWA9HX1cdQZKIhXiaYF1Y0MlfGPSA3TPlDLlHp/mFRTuZKv\nY0Z4BDotByXYJivYdJ90yHtvrWE1hDjyFMeWrNh21JR5D0eYRWmCPUKuziRO/wHj\nCSq/YeapdnmfxEo7hhRuVCS/qytqjq+sDFhqYB3wICDzU3MMdIEXhH81jOubPE6j\nKSGsZlO8CfHEQeUMXr7cCGfDdK+u0JIb9IOUMfobDtn+H+QpdR5kvIIPZ8dlJ5mm\nw5oIcKGfpXj9AAAAgCq+lCOFSSoLGjCrHhml/4cPNaKXbYZt35cK+M5RE+ORJFrn\nfufgSCNj6a+S5XVEC6NzxXEwpWk0BjWYp71KnvSZpGwSTAJ2EXwCk1j5+Z4NOc0q\n02KZviOJ/cvbrKiu+Dogt8cZvPPAO+xFkefugRNh0yOm7XjonDz5T0VL3lvHAAAA\ngQDFD16k+LqyYXo0uqE81F0nQzv4o72//qpoYZXfF2u/18oDRMWSHZofu0gLdS3r\nnUYEOSQhg4Xo88FFrOwJi10T4j4Gl9Fv0MpvIyKm3mKuRatqok78i8Cs7fE2MVfq\nVVDrGxDSp97XmtysIADdJuQeHiID+Rx8Rm/UzW4rK7/SUwAAAIEAwZR/u1WULbwJ\nm1W3XCkWuo/mnGF1K4nN36GiJilFzi6f/HBZ8iNI9vH/U/dnJPdRTG8muQl/kzxM\nc1pVWKiaeEM5Ijc/PT8UtSCZhCKsic3nSmntufDt8ED2Eh4vT2lLE7KsYG4Cbzmc\nAuVC51I1PhOGl3W3/JihTZuiNLookscAAAAAAQID\n-----END OPENSSH PRIVATE KEY-----\n",
            "private_key_pem": "-----BEGIN RSA PRIVATE KEY-----\nMIIEogIBAAKCAQEAlQLlj+rysNTconaqM42fRUiMYgBo/9MiPOJ9L0JKV/55eA4J\n8wLRcR2knvOLW0r4RXltoIOqqUYnr8NtR82lnyeqet/1ezU2XzyCvi28L7iN2ZPx\n89gpzcPcFn9TAmSiSHIXqZtF21Kf4wfCJGJwg6+5VGH9NVnKAcV+JUxqS6RB1NYG\nY9ZlqwxHqHMw09EtsmF1KcBq+LZfrZZC0FmbL36y4qcdRF6agyU51Qmx2I4vRX6r\nIbycu8Uao4trfhf5hEb7k4+EwjCi7kwsRKYytkAKpKJZ4siCnKqynotAPLMHonrY\n8wwhhBGKUlVzPBkqqGnNnffTen6+XbYnkwfUhQIDAQABAoIBAGDe8jgeaEmXCBxC\nAqHjJrCW2lR3qcruCisEnpdThBsyXusyTTuDEH914uhGscjWsxIPP7qC/jZvWiuE\nY42zXkFaOxUIdYD0dfVx1BkoiFeJpgXVjQyV8Y9IDdM+UMuUen+YVFO5kq9jRngE\nOi0HJdgmK9h0n3TIe2+tYTWEOPIUx5as2HbUlHkPR5hFaYI9Qq7OJE7/AeMJKr9h\n5ql2eZ/ESjuGFG5UJL+rK2qOr6wMWGpgHfAgIPNTcwx0gReEfzWM65s8TqMpIaxm\nU7wJ8cRB5QxevtwIZ8N0r67Qkhv0g5Qx+hsO2f4f5Cl1HmS8gg9nx2UnmabDmghw\noZ+leP0CgYEAxQ9epPi6smF6NLqhPNRdJ0M7+KO9v/6qaGGV3xdrv9fKA0TFkh2a\nH7tIC3Ut651GBDkkIYOF6PPBRazsCYtdE+I+BpfRb9DKbyMipt5irkWraqJO/IvA\nrO3xNjFX6lVQ6xsQ0qfe15rcrCAA3SbkHh4iA/kcfEZv1M1uKyu/0lMCgYEAwZR/\nu1WULbwJm1W3XCkWuo/mnGF1K4nN36GiJilFzi6f/HBZ8iNI9vH/U/dnJPdRTG8m\nuQl/kzxMc1pVWKiaeEM5Ijc/PT8UtSCZhCKsic3nSmntufDt8ED2Eh4vT2lLE7Ks\nYG4CbzmcAuVC51I1PhOGl3W3/JihTZuiNLookscCgYAK4DNIBZZAPBMDj/1QHyRZ\nA2Pu8BKL4yFCi4g6/M7skptKnOQOkWWtNKfgQgJby51OpFyzINAmMDXNg6KvUCq9\n6zGjKYPcmPhjM9w4u3NUzPGN/BFB7PCgWq2CYSzJ+RVzNFY0WiF5YsmlEksZ6YiT\nhPQ5pekFjtmjNAdNiKeYkwKBgFfl0/H+M+BoZ3xO+YkxZw6jVLVhU1DHq+GFhRkK\n2JV8ekynv0/BUdo/nA5GYmFYo2OvfMe8Vl9Gm/gs5l/xfuJos8Kjj2WCBScRfGOR\nUwLnqcQSQU2S5peXB6TGa/kE+IAjOz419YkHgZ2W+EANBfv/5bdUToy1yVhx+L80\nYEP1AoGAKr6UI4VJKgsaMKseGaX/hw81opdthm3flwr4zlET45EkWud+5+BII2Pp\nr5LldUQLo3PFcTClaTQGNZinvUqe9JmkbBJMAnYRfAKTWPn5ng05zSrTYpm+I4n9\ny9usqK74OiC3xxm888A77EWR5+6BE2HTI6bteOicPPlPRUveW8c=\n-----END RSA PRIVATE KEY-----\n",
            "private_key_pem_pkcs8": "-----BEGIN PRIVATE KEY-----\nMIIEvAIBADANBgkqhkiG9w0BAQEFAASCBKYwggSiAgEAAoIBAQCVAuWP6vKw1Nyi\ndqozjZ9FSIxiAGj/0yI84n0vQkpX/nl4DgnzAtFxHaSe84tbSvhFeW2gg6qpRiev\nw21HzaWfJ6p63/V7NTZfPIK+LbwvuI3Zk/Hz2CnNw9wWf1MCZKJIchepm0XbUp/j\nB8IkYnCDr7lUYf01WcoBxX4lTGpLpEHU1gZj1mWrDEeoczDT0S2yYXUpwGr4tl+t\nlkLQWZsvfrLipx1EXpqDJTnVCbHYji9FfqshvJy7xRqji2t+F/mERvuTj4TCMKLu\nTCxEpjK2QAqkolniyIKcqrKei0A8sweietjzDCGEEYpSVXM8GSqoac2d99N6fr5d\ntieTB9SFAgMBAAECggEAYN7yOB5oSZcIHEICoeMmsJbaVHepyu4KKwSel1OEGzJe\n6zJNO4MQf3Xi6EaxyNazEg8/uoL+Nm9aK4RjjbNeQVo7FQh1gPR19XHUGSiIV4mm\nBdWNDJXxj0gN0z5Qy5R6f5hUU7mSr2NGeAQ6LQcl2CYr2HSfdMh7b61hNYQ48hTH\nlqzYdtSUeQ9HmEVpgj1Crs4kTv8B4wkqv2HmqXZ5n8RKO4YUblQkv6srao6vrAxY\namAd8CAg81NzDHSBF4R/NYzrmzxOoykhrGZTvAnxxEHlDF6+3Ahnw3SvrtCSG/SD\nlDH6Gw7Z/h/kKXUeZLyCD2fHZSeZpsOaCHChn6V4/QKBgQDFD16k+LqyYXo0uqE8\n1F0nQzv4o72//qpoYZXfF2u/18oDRMWSHZofu0gLdS3rnUYEOSQhg4Xo88FFrOwJ\ni10T4j4Gl9Fv0MpvIyKm3mKuRatqok78i8Cs7fE2MVfqVVDrGxDSp97XmtysIADd\nJuQeHiID+Rx8Rm/UzW4rK7/SUwKBgQDBlH+7VZQtvAmbVbdcKRa6j+acYXUric3f\noaImKUXOLp/8cFnyI0j28f9T92ck91FMbya5CX+TPExzWlVYqJp4QzkiNz89PxS1\nIJmEIqyJzedKae258O3wQPYSHi9PaUsTsqxgbgJvOZwC5ULnUjU+E4aXdbf8mKFN\nm6I0uiiSxwKBgArgM0gFlkA8EwOP/VAfJFkDY+7wEovjIUKLiDr8zuySm0qc5A6R\nZa00p+BCAlvLnU6kXLMg0CYwNc2Doq9QKr3rMaMpg9yY+GMz3Di7c1TM8Y38EUHs\n8KBarYJhLMn5FXM0VjRaIXliyaUSSxnpiJOE9Dml6QWO2aM0B02Ip5iTAoGAV+XT\n8f4z4GhnfE75iTFnDqNUtWFTUMer4YWFGQrYlXx6TKe/T8FR2j+cDkZiYVijY698\nx7xWX0ab+CzmX/F+4mizwqOPZYIFJxF8Y5FTAuepxBJBTZLml5cHpMZr+QT4gCM7\nPjX1iQeBnZb4QA0F+//lt1ROjLXJWHH4vzRgQ/UCgYAqvpQjhUkqCxowqx4Zpf+H\nDzWil22Gbd+XCvjOURPjkSRa537n4EgjY+mvkuV1RAujc8VxMKVpNAY1mKe9Sp70\nmaRsEkwCdhF8ApNY+fmeDTnNKtNimb4jif3L26yorvg6ILfHGbzzwDvsRZHn7oET\nYdMjpu146Jw8+U9FS95bxw==\n-----END PRIVATE KEY-----\n",
            "public_key_fingerprint_md5": "91:53:1c:e4:26:56:ad:43:79:68:bd:80:00:7d:fe:f1",
            "public_key_fingerprint_sha256": "SHA256:/RXDgQnoaU+3Ma5lSLSrwrTgy7d1u2makUmK+hRo5pw",
            "public_key_openssh": "ssh-rsa AAAAB3NzaC1yc2EAAAADAQABAAABAQCVAuWP6vKw1NyidqozjZ9FSIxiAGj/0yI84n0vQkpX/nl4DgnzAtFxHaSe84tbSvhFeW2gg6qpRievw21HzaWfJ6p63/V7NTZfPIK+LbwvuI3Zk/Hz2CnNw9wWf1MCZKJIchepm0XbUp/jB8IkYnCDr7lUYf01WcoBxX4lTGpLpEHU1gZj1mWrDEeoczDT0S2yYXUpwGr4tl+tlkLQWZsvfrLipx1EXpqDJTnVCbHYji9FfqshvJy7xRqji2t+F/mERvuTj4TCMKLuTCxEpjK2QAqkolniyIKcqrKei0A8sweietjzDCGEEYpSVXM8GSqoac2d99N6fr5dtieTB9SF\n",
            "public_key_pem": "-----BEGIN PUBLIC KEY-----\nMIIBIjANBgkqhkiG9w0BAQEFAAOCAQ8AMIIBCgKCAQEAlQLlj+rysNTconaqM42f\nRUiMYgBo/9MiPOJ9L0JKV/55eA4J8wLRcR2knvOLW0r4RXltoIOqqUYnr8NtR82l\nnyeqet/1ezU2XzyCvi28L7iN2ZPx89gpzcPcFn9TAmSiSHIXqZtF21Kf4wfCJGJw\ng6+5VGH9NVnKAcV+JUxqS6RB1NYGY9ZlqwxHqHMw09EtsmF1KcBq+LZfrZZC0Fmb\nL36y4qcdRF6agyU51Qmx2I4vRX6rIbycu8Uao4trfhf5hEb7k4+EwjCi7kwsRKYy\ntkAKpKJZ4siCnKqynotAPLMHonrY8wwhhBGKUlVzPBkqqGnNnffTen6+XbYnkwfU\nhQIDAQAB\n-----END PUBLIC KEY-----\n",
            "rsa_bits": 2048
          },
          "sensitive_attributes": [
            [
              {
                "type": "get_attr",
                "value": "private_key_pem_pkcs8"
              }
            ],
            [
              {
                "type": "get_attr",
                "value": "private_key_pem"
              }
            ],
            [
              {
                "type": "get_attr",
                "value": "private_key_openssh"
              }
            ]
          ]
        }
      ]
    }
  ],
  "check_results": null
}
